// !$*UTF8*$!
{
	archiveVersion = 1;
	classes = {
	};
	objectVersion = 50;
	objects = {

/* Begin PBXBuildFile section */
		843A388C279FFC8700B48CA2 /* AppDelegate.swift in Sources */ = {isa = PBXBuildFile; fileRef = 843A388B279FFC8700B48CA2 /* AppDelegate.swift */; };
		843A3890279FFC8700B48CA2 /* ViewController.swift in Sources */ = {isa = PBXBuildFile; fileRef = 843A388F279FFC8700B48CA2 /* ViewController.swift */; };
		843A3895279FFC8800B48CA2 /* Assets.xcassets in Resources */ = {isa = PBXBuildFile; fileRef = 843A3894279FFC8800B48CA2 /* Assets.xcassets */; };
		843A3898279FFC8800B48CA2 /* LaunchScreen.storyboard in Resources */ = {isa = PBXBuildFile; fileRef = 843A3896279FFC8800B48CA2 /* LaunchScreen.storyboard */; };
		84CB452627A0014600B18267 /* ViewControllerProtocols.swift in Sources */ = {isa = PBXBuildFile; fileRef = 84CB452527A0014600B18267 /* ViewControllerProtocols.swift */; };
		84CB452827A0019F00B18267 /* ViewControllerPresenter.swift in Sources */ = {isa = PBXBuildFile; fileRef = 84CB452727A0019F00B18267 /* ViewControllerPresenter.swift */; };
		84CB452A27A001AE00B18267 /* ViewControllerInteractor.swift in Sources */ = {isa = PBXBuildFile; fileRef = 84CB452927A001AE00B18267 /* ViewControllerInteractor.swift */; };
		84CB452D27A0092A00B18267 /* ViewControllerAssembly.swift in Sources */ = {isa = PBXBuildFile; fileRef = 84CB452C27A0092A00B18267 /* ViewControllerAssembly.swift */; };
/* End PBXBuildFile section */

/* Begin PBXFileReference section */
		843A3888279FFC8700B48CA2 /* ArchitectureClean.app */ = {isa = PBXFileReference; explicitFileType = wrapper.application; includeInIndex = 0; path = ArchitectureClean.app; sourceTree = BUILT_PRODUCTS_DIR; };
		843A388B279FFC8700B48CA2 /* AppDelegate.swift */ = {isa = PBXFileReference; lastKnownFileType = sourcecode.swift; path = AppDelegate.swift; sourceTree = "<group>"; };
		843A388F279FFC8700B48CA2 /* ViewController.swift */ = {isa = PBXFileReference; lastKnownFileType = sourcecode.swift; path = ViewController.swift; sourceTree = "<group>"; };
		843A3894279FFC8800B48CA2 /* Assets.xcassets */ = {isa = PBXFileReference; lastKnownFileType = folder.assetcatalog; path = Assets.xcassets; sourceTree = "<group>"; };
		843A3897279FFC8800B48CA2 /* Base */ = {isa = PBXFileReference; lastKnownFileType = file.storyboard; name = Base; path = Base.lproj/LaunchScreen.storyboard; sourceTree = "<group>"; };
		843A3899279FFC8800B48CA2 /* Info.plist */ = {isa = PBXFileReference; lastKnownFileType = text.plist.xml; path = Info.plist; sourceTree = "<group>"; };
		84CB452527A0014600B18267 /* ViewControllerProtocols.swift */ = {isa = PBXFileReference; lastKnownFileType = sourcecode.swift; path = ViewControllerProtocols.swift; sourceTree = "<group>"; };
		84CB452727A0019F00B18267 /* ViewControllerPresenter.swift */ = {isa = PBXFileReference; lastKnownFileType = sourcecode.swift; path = ViewControllerPresenter.swift; sourceTree = "<group>"; };
		84CB452927A001AE00B18267 /* ViewControllerInteractor.swift */ = {isa = PBXFileReference; lastKnownFileType = sourcecode.swift; path = ViewControllerInteractor.swift; sourceTree = "<group>"; };
		84CB452C27A0092A00B18267 /* ViewControllerAssembly.swift */ = {isa = PBXFileReference; lastKnownFileType = sourcecode.swift; path = ViewControllerAssembly.swift; sourceTree = "<group>"; };
/* End PBXFileReference section */

/* Begin PBXFrameworksBuildPhase section */
		843A3885279FFC8700B48CA2 /* Frameworks */ = {
			isa = PBXFrameworksBuildPhase;
			buildActionMask = 2147483647;
			files = (
			);
			runOnlyForDeploymentPostprocessing = 0;
		};
/* End PBXFrameworksBuildPhase section */

/* Begin PBXGroup section */
		843A387F279FFC8700B48CA2 = {
			isa = PBXGroup;
			children = (
				843A388A279FFC8700B48CA2 /* ArchitectureClean */,
				843A3889279FFC8700B48CA2 /* Products */,
			);
			sourceTree = "<group>";
		};
		843A3889279FFC8700B48CA2 /* Products */ = {
			isa = PBXGroup;
			children = (
				843A3888279FFC8700B48CA2 /* ArchitectureClean.app */,
			);
			name = Products;
			sourceTree = "<group>";
		};
		843A388A279FFC8700B48CA2 /* ArchitectureClean */ = {
			isa = PBXGroup;
			children = (
				84D2936827A00FB300D9E278 /* src */,
				843A388B279FFC8700B48CA2 /* AppDelegate.swift */,
				843A3894279FFC8800B48CA2 /* Assets.xcassets */,
				843A3896279FFC8800B48CA2 /* LaunchScreen.storyboard */,
				843A3899279FFC8800B48CA2 /* Info.plist */,
			);
			path = ArchitectureClean;
			sourceTree = "<group>";
		};
		84D2936827A00FB300D9E278 /* src */ = {
			isa = PBXGroup;
			children = (
				84D2936A27A00FEF00D9E278 /* Models */,
				84D2936927A00FCF00D9E278 /* ViewController */,
			);
			path = src;
			sourceTree = "<group>";
		};
		84D2936927A00FCF00D9E278 /* ViewController */ = {
			isa = PBXGroup;
			children = (
				84CB452C27A0092A00B18267 /* ViewControllerAssembly.swift */,
				843A388F279FFC8700B48CA2 /* ViewController.swift */,
				84CB452727A0019F00B18267 /* ViewControllerPresenter.swift */,
				84CB452927A001AE00B18267 /* ViewControllerInteractor.swift */,
				84CB452527A0014600B18267 /* ViewControllerProtocols.swift */,
			);
			path = ViewController;
			sourceTree = "<group>";
		};
		84D2936A27A00FEF00D9E278 /* Models */ = {
			isa = PBXGroup;
			children = (
			);
			path = Models;
			sourceTree = "<group>";
		};
/* End PBXGroup section */

/* Begin PBXNativeTarget section */
		843A3887279FFC8700B48CA2 /* ArchitectureClean */ = {
			isa = PBXNativeTarget;
			buildConfigurationList = 843A389C279FFC8800B48CA2 /* Build configuration list for PBXNativeTarget "ArchitectureClean" */;
			buildPhases = (
				843A3884279FFC8700B48CA2 /* Sources */,
				843A3885279FFC8700B48CA2 /* Frameworks */,
				843A3886279FFC8700B48CA2 /* Resources */,
			);
			buildRules = (
			);
			dependencies = (
			);
			name = ArchitectureClean;
			productName = ArchitectureClean;
			productReference = 843A3888279FFC8700B48CA2 /* ArchitectureClean.app */;
			productType = "com.apple.product-type.application";
		};
/* End PBXNativeTarget section */

/* Begin PBXProject section */
		843A3880279FFC8700B48CA2 /* Project object */ = {
			isa = PBXProject;
			attributes = {
				LastSwiftUpdateCheck = 1250;
				LastUpgradeCheck = 1250;
				TargetAttributes = {
					843A3887279FFC8700B48CA2 = {
						CreatedOnToolsVersion = 12.5.1;
					};
				};
			};
			buildConfigurationList = 843A3883279FFC8700B48CA2 /* Build configuration list for PBXProject "ArchitectureClean" */;
			compatibilityVersion = "Xcode 9.3";
			developmentRegion = en;
			hasScannedForEncodings = 0;
			knownRegions = (
				en,
				Base,
			);
			mainGroup = 843A387F279FFC8700B48CA2;
			productRefGroup = 843A3889279FFC8700B48CA2 /* Products */;
			projectDirPath = "";
			projectRoot = "";
			targets = (
				843A3887279FFC8700B48CA2 /* ArchitectureClean */,
			);
		};
/* End PBXProject section */

/* Begin PBXResourcesBuildPhase section */
		843A3886279FFC8700B48CA2 /* Resources */ = {
			isa = PBXResourcesBuildPhase;
			buildActionMask = 2147483647;
			files = (
				843A3898279FFC8800B48CA2 /* LaunchScreen.storyboard in Resources */,
				843A3895279FFC8800B48CA2 /* Assets.xcassets in Resources */,
			);
			runOnlyForDeploymentPostprocessing = 0;
		};
/* End PBXResourcesBuildPhase section */

/* Begin PBXSourcesBuildPhase section */
		843A3884279FFC8700B48CA2 /* Sources */ = {
			isa = PBXSourcesBuildPhase;
			buildActionMask = 2147483647;
			files = (
				843A3890279FFC8700B48CA2 /* ViewController.swift in Sources */,
				843A388C279FFC8700B48CA2 /* AppDelegate.swift in Sources */,
				84CB452D27A0092A00B18267 /* ViewControllerAssembly.swift in Sources */,
				84CB452A27A001AE00B18267 /* ViewControllerInteractor.swift in Sources */,
				84CB452627A0014600B18267 /* ViewControllerProtocols.swift in Sources */,
				84CB452827A0019F00B18267 /* ViewControllerPresenter.swift in Sources */,
			);
			runOnlyForDeploymentPostprocessing = 0;
		};
/* End PBXSourcesBuildPhase section */

/* Begin PBXVariantGroup section */
		843A3896279FFC8800B48CA2 /* LaunchScreen.storyboard */ = {
			isa = PBXVariantGroup;
			children = (
				843A3897279FFC8800B48CA2 /* Base */,
			);
			name = LaunchScreen.storyboard;
			sourceTree = "<group>";
		};
/* End PBXVariantGroup section */

/* Begin XCBuildConfiguration section */
		843A389A279FFC8800B48CA2 /* Debug */ = {
			isa = XCBuildConfiguration;
			buildSettings = {
				ALWAYS_SEARCH_USER_PATHS = NO;
				CLANG_ANALYZER_NONNULL = YES;
				CLANG_ANALYZER_NUMBER_OBJECT_CONVERSION = YES_AGGRESSIVE;
				CLANG_CXX_LANGUAGE_STANDARD = "gnu++14";
				CLANG_CXX_LIBRARY = "libc++";
				CLANG_ENABLE_MODULES = YES;
				CLANG_ENABLE_OBJC_ARC = YES;
				CLANG_ENABLE_OBJC_WEAK = YES;
				CLANG_WARN_BLOCK_CAPTURE_AUTORELEASING = YES;
				CLANG_WARN_BOOL_CONVERSION = YES;
				CLANG_WARN_COMMA = YES;
				CLANG_WARN_CONSTANT_CONVERSION = YES;
				CLANG_WARN_DEPRECATED_OBJC_IMPLEMENTATIONS = YES;
				CLANG_WARN_DIRECT_OBJC_ISA_USAGE = YES_ERROR;
				CLANG_WARN_DOCUMENTATION_COMMENTS = YES;
				CLANG_WARN_EMPTY_BODY = YES;
				CLANG_WARN_ENUM_CONVERSION = YES;
				CLANG_WARN_INFINITE_RECURSION = YES;
				CLANG_WARN_INT_CONVERSION = YES;
				CLANG_WARN_NON_LITERAL_NULL_CONVERSION = YES;
				CLANG_WARN_OBJC_IMPLICIT_RETAIN_SELF = YES;
				CLANG_WARN_OBJC_LITERAL_CONVERSION = YES;
				CLANG_WARN_OBJC_ROOT_CLASS = YES_ERROR;
				CLANG_WARN_QUOTED_INCLUDE_IN_FRAMEWORK_HEADER = YES;
				CLANG_WARN_RANGE_LOOP_ANALYSIS = YES;
				CLANG_WARN_STRICT_PROTOTYPES = YES;
				CLANG_WARN_SUSPICIOUS_MOVE = YES;
				CLANG_WARN_UNGUARDED_AVAILABILITY = YES_AGGRESSIVE;
				CLANG_WARN_UNREACHABLE_CODE = YES;
				CLANG_WARN__DUPLICATE_METHOD_MATCH = YES;
				COPY_PHASE_STRIP = NO;
				DEBUG_INFORMATION_FORMAT = dwarf;
				ENABLE_STRICT_OBJC_MSGSEND = YES;
				ENABLE_TESTABILITY = YES;
				GCC_C_LANGUAGE_STANDARD = gnu11;
				GCC_DYNAMIC_NO_PIC = NO;
				GCC_NO_COMMON_BLOCKS = YES;
				GCC_OPTIMIZATION_LEVEL = 0;
				GCC_PREPROCESSOR_DEFINITIONS = (
					"DEBUG=1",
					"$(inherited)",
				);
				GCC_WARN_64_TO_32_BIT_CONVERSION = YES;
				GCC_WARN_ABOUT_RETURN_TYPE = YES_ERROR;
				GCC_WARN_UNDECLARED_SELECTOR = YES;
				GCC_WARN_UNINITIALIZED_AUTOS = YES_AGGRESSIVE;
				GCC_WARN_UNUSED_FUNCTION = YES;
				GCC_WARN_UNUSED_VARIABLE = YES;
				IPHONEOS_DEPLOYMENT_TARGET = 14.5;
				MTL_ENABLE_DEBUG_INFO = INCLUDE_SOURCE;
				MTL_FAST_MATH = YES;
				ONLY_ACTIVE_ARCH = YES;
				SDKROOT = iphoneos;
				SWIFT_ACTIVE_COMPILATION_CONDITIONS = DEBUG;
				SWIFT_OPTIMIZATION_LEVEL = "-Onone";
			};
			name = Debug;
		};
		843A389B279FFC8800B48CA2 /* Release */ = {
			isa = XCBuildConfiguration;
			buildSettings = {
				ALWAYS_SEARCH_USER_PATHS = NO;
				CLANG_ANALYZER_NONNULL = YES;
				CLANG_ANALYZER_NUMBER_OBJECT_CONVERSION = YES_AGGRESSIVE;
				CLANG_CXX_LANGUAGE_STANDARD = "gnu++14";
				CLANG_CXX_LIBRARY = "libc++";
				CLANG_ENABLE_MODULES = YES;
				CLANG_ENABLE_OBJC_ARC = YES;
				CLANG_ENABLE_OBJC_WEAK = YES;
				CLANG_WARN_BLOCK_CAPTURE_AUTORELEASING = YES;
				CLANG_WARN_BOOL_CONVERSION = YES;
				CLANG_WARN_COMMA = YES;
				CLANG_WARN_CONSTANT_CONVERSION = YES;
				CLANG_WARN_DEPRECATED_OBJC_IMPLEMENTATIONS = YES;
				CLANG_WARN_DIRECT_OBJC_ISA_USAGE = YES_ERROR;
				CLANG_WARN_DOCUMENTATION_COMMENTS = YES;
				CLANG_WARN_EMPTY_BODY = YES;
				CLANG_WARN_ENUM_CONVERSION = YES;
				CLANG_WARN_INFINITE_RECURSION = YES;
				CLANG_WARN_INT_CONVERSION = YES;
				CLANG_WARN_NON_LITERAL_NULL_CONVERSION = YES;
				CLANG_WARN_OBJC_IMPLICIT_RETAIN_SELF = YES;
				CLANG_WARN_OBJC_LITERAL_CONVERSION = YES;
				CLANG_WARN_OBJC_ROOT_CLASS = YES_ERROR;
				CLANG_WARN_QUOTED_INCLUDE_IN_FRAMEWORK_HEADER = YES;
				CLANG_WARN_RANGE_LOOP_ANALYSIS = YES;
				CLANG_WARN_STRICT_PROTOTYPES = YES;
				CLANG_WARN_SUSPICIOUS_MOVE = YES;
				CLANG_WARN_UNGUARDED_AVAILABILITY = YES_AGGRESSIVE;
				CLANG_WARN_UNREACHABLE_CODE = YES;
				CLANG_WARN__DUPLICATE_METHOD_MATCH = YES;
				COPY_PHASE_STRIP = NO;
				DEBUG_INFORMATION_FORMAT = "dwarf-with-dsym";
				ENABLE_NS_ASSERTIONS = NO;
				ENABLE_STRICT_OBJC_MSGSEND = YES;
				GCC_C_LANGUAGE_STANDARD = gnu11;
				GCC_NO_COMMON_BLOCKS = YES;
				GCC_WARN_64_TO_32_BIT_CONVERSION = YES;
				GCC_WARN_ABOUT_RETURN_TYPE = YES_ERROR;
				GCC_WARN_UNDECLARED_SELECTOR = YES;
				GCC_WARN_UNINITIALIZED_AUTOS = YES_AGGRESSIVE;
				GCC_WARN_UNUSED_FUNCTION = YES;
				GCC_WARN_UNUSED_VARIABLE = YES;
				IPHONEOS_DEPLOYMENT_TARGET = 14.5;
				MTL_ENABLE_DEBUG_INFO = NO;
				MTL_FAST_MATH = YES;
				SDKROOT = iphoneos;
				SWIFT_COMPILATION_MODE = wholemodule;
				SWIFT_OPTIMIZATION_LEVEL = "-O";
				VALIDATE_PRODUCT = YES;
			};
			name = Release;
		};
		843A389D279FFC8800B48CA2 /* Debug */ = {
			isa = XCBuildConfiguration;
			buildSettings = {
				ASSETCATALOG_COMPILER_APPICON_NAME = AppIcon;
				ASSETCATALOG_COMPILER_GLOBAL_ACCENT_COLOR_NAME = AccentColor;
				CODE_SIGN_STYLE = Automatic;
				DEVELOPMENT_TEAM = 6BP889HB79;
				INFOPLIST_FILE = ArchitectureClean/Info.plist;
				LD_RUNPATH_SEARCH_PATHS = (
					"$(inherited)",
					"@executable_path/Frameworks",
				);
				PRODUCT_BUNDLE_IDENTIFIER = com.cleanArch.ArchitectureClean;
				PRODUCT_NAME = "$(TARGET_NAME)";
				SWIFT_VERSION = 5.0;
				TARGETED_DEVICE_FAMILY = "1,2";
			};
			name = Debug;
		};
		843A389E279FFC8800B48CA2 /* Release */ = {
			isa = XCBuildConfiguration;
			buildSettings = {
				ASSETCATALOG_COMPILER_APPICON_NAME = AppIcon;
				ASSETCATALOG_COMPILER_GLOBAL_ACCENT_COLOR_NAME = AccentColor;
				CODE_SIGN_STYLE = Automatic;
				DEVELOPMENT_TEAM = 6BP889HB79;
				INFOPLIST_FILE = ArchitectureClean/Info.plist;
				LD_RUNPATH_SEARCH_PATHS = (
					"$(inherited)",
					"@executable_path/Frameworks",
				);
				PRODUCT_BUNDLE_IDENTIFIER = com.cleanArch.ArchitectureClean;
				PRODUCT_NAME = "$(TARGET_NAME)";
				SWIFT_VERSION = 5.0;
				TARGETED_DEVICE_FAMILY = "1,2";
			};
			name = Release;
		};
/* End XCBuildConfiguration section */

/* Begin XCConfigurationList section */
		843A3883279FFC8700B48CA2 /* Build configuration list for PBXProject "ArchitectureClean" */ = {
			isa = XCConfigurationList;
			buildConfigurations = (
				843A389A279FFC8800B48CA2 /* Debug */,
				843A389B279FFC8800B48CA2 /* Release */,
			);
			defaultConfigurationIsVisible = 0;
			defaultConfigurationName = Release;
		};
		843A389C279FFC8800B48CA2 /* Build configuration list for PBXNativeTarget "ArchitectureClean" */ = {
			isa = XCConfigurationList;
			buildConfigurations = (
				843A389D279FFC8800B48CA2 /* Debug */,
				843A389E279FFC8800B48CA2 /* Release */,
			);
			defaultConfigurationIsVisible = 0;
			defaultConfigurationName = Release;
		};
/* End XCConfigurationList section */
	};
	rootObject = 843A3880279FFC8700B48CA2 /* Project object */;
}
